
Microsoft Visual Studio Solution File, Format Version 12.00
# Visual Studio 15
VisualStudioVersion = 15.0.27703.2026
MinimumVisualStudioVersion = 10.0.40219.1
Project("{FAE04EC0-301F-11D3-BF4B-00C04F79EFBC}") = "Epam.Task1.SEQUENCE", "Epam.Task1.SEQUENCE\Epam.Task1.SEQUENCE.csproj", "{37419312-CE54-4189-B6C4-9A996430F9BE}"
EndProject
Project("{FAE04EC0-301F-11D3-BF4B-00C04F79EFBC}") = "Epam.Task1.SIMPLE", "Epam.Task1.SIMPLE\Epam.Task1.SIMPLE.csproj", "{66D42317-79F5-4255-BC56-A4EC097CA7E9}"
EndProject
Project("{FAE04EC0-301F-11D3-BF4B-00C04F79EFBC}") = "Epam.Task1.SQUARE", "Epam.Task1.SQUARE\Epam.Task1.SQUARE.csproj", "{51C47E1F-5504-4ECB-A2F0-652FDB2BE6DC}"
EndProject
Global
	GlobalSection(SolutionConfigurationPlatforms) = preSolution
		Debug|Any CPU = Debug|Any CPU
		Release|Any CPU = Release|Any CPU
	EndGlobalSection
	GlobalSection(ProjectConfigurationPlatforms) = postSolution
		{37419312-CE54-4189-B6C4-9A996430F9BE}.Debug|Any CPU.ActiveCfg = Debug|Any CPU
		{37419312-CE54-4189-B6C4-9A996430F9BE}.Debug|Any CPU.Build.0 = Debug|Any CPU
		{37419312-CE54-4189-B6C4-9A996430F9BE}.Release|Any CPU.ActiveCfg = Release|Any CPU
		{37419312-CE54-4189-B6C4-9A996430F9BE}.Release|Any CPU.Build.0 = Release|Any CPU
		{66D42317-79F5-4255-BC56-A4EC097CA7E9}.Debug|Any CPU.ActiveCfg = Debug|Any CPU
		{66D42317-79F5-4255-BC56-A4EC097CA7E9}.Debug|Any CPU.Build.0 = Debug|Any CPU
		{66D42317-79F5-4255-BC56-A4EC097CA7E9}.Release|Any CPU.ActiveCfg = Release|Any CPU
		{66D42317-79F5-4255-BC56-A4EC097CA7E9}.Release|Any CPU.Build.0 = Release|Any CPU
		{51C47E1F-5504-4ECB-A2F0-652FDB2BE6DC}.Debug|Any CPU.ActiveCfg = Debug|Any CPU
		{51C47E1F-5504-4ECB-A2F0-652FDB2BE6DC}.Debug|Any CPU.Build.0 = Debug|Any CPU
		{51C47E1F-5504-4ECB-A2F0-652FDB2BE6DC}.Release|Any CPU.ActiveCfg = Release|Any CPU
		{51C47E1F-5504-4ECB-A2F0-652FDB2BE6DC}.Release|Any CPU.Build.0 = Release|Any CPU
	EndGlobalSection
	GlobalSection(SolutionProperties) = preSolution
		HideSolutionNode = FALSE
	EndGlobalSection
	GlobalSection(ExtensibilityGlobals) = postSolution
		SolutionGuid = {41BB7A7F-2620-4E67-B75D-EBDAD8D02D67}
	EndGlobalSection
EndGlobal
