
Microsoft Visual Studio Solution File, Format Version 12.00
# Visual Studio 15
VisualStudioVersion = 15.0.27703.2026
MinimumVisualStudioVersion = 10.0.40219.1
Project("{FAE04EC0-301F-11D3-BF4B-00C04F79EFBC}") = "Epam.Task2.RECTANGLE", "Epam.Task2.RECTANGLE\Epam.Task2.RECTANGLE.csproj", "{397A9D11-1DAC-4A06-A86A-94F556C43671}"
EndProject
Project("{FAE04EC0-301F-11D3-BF4B-00C04F79EFBC}") = "Epam.Task2.TRIANGLE", "Epam.Task2.TRIANGLE\Epam.Task2.TRIANGLE.csproj", "{94D8A6E7-A685-4D5D-9458-A4ABDC0E5125}"
EndProject
Project("{FAE04EC0-301F-11D3-BF4B-00C04F79EFBC}") = "Epam.Task2.ANOTHER TRIANGLE", "Epam.Task2.ANOTHER TRIANGLE\Epam.Task2.ANOTHER TRIANGLE.csproj", "{C01E5823-D19B-47E3-A65E-39BD66ABFF1C}"
EndProject
Project("{FAE04EC0-301F-11D3-BF4B-00C04F79EFBC}") = "Epam.Task2.X-MAS TREE", "Epam.Task2.X-MAS TREE\Epam.Task2.X-MAS TREE.csproj", "{A5CE6159-B1CD-4503-A5CD-757176839737}"
EndProject
Project("{FAE04EC0-301F-11D3-BF4B-00C04F79EFBC}") = "Epam.Task2.SUM OF NUMBERS", "Epam.Task2.SUM OF NUMBERS\Epam.Task2.SUM OF NUMBERS.csproj", "{24857B10-221F-4356-B2CD-5327B9B7EE6D}"
EndProject
Project("{FAE04EC0-301F-11D3-BF4B-00C04F79EFBC}") = "Epam.Task2.FONT ADJUSTMENT", "Epam.Task2.FONT ADJUSTMENT\Epam.Task2.FONT ADJUSTMENT.csproj", "{1DADA4B9-378E-4B3D-9917-845657ED404D}"
EndProject
Project("{FAE04EC0-301F-11D3-BF4B-00C04F79EFBC}") = "Epam.Task2.ARRAY PROCESSING", "Epam.Task2.ARRAY PROCESSING\Epam.Task2.ARRAY PROCESSING.csproj", "{5DAA11EC-9D30-4F5C-B1AA-3B7B7B49E910}"
EndProject
Project("{FAE04EC0-301F-11D3-BF4B-00C04F79EFBC}") = "Epam.Task2.NO POSITIVE", "Epam.Task2.NO POSITIVE\Epam.Task2.NO POSITIVE.csproj", "{A351E02F-AFDB-4CC1-9AC4-63ED83AC5680}"
EndProject
Project("{FAE04EC0-301F-11D3-BF4B-00C04F79EFBC}") = "Epam.Task2.NON-NEGATIVE SUM", "Epam.Task2.NON-NEGATIVE SUM\Epam.Task2.NON-NEGATIVE SUM.csproj", "{503988E2-7DD9-4484-B715-F59723524F03}"
EndProject
Project("{FAE04EC0-301F-11D3-BF4B-00C04F79EFBC}") = "Epam.Task2.2D ARRAY", "Epam.Task2.2D ARRAY\Epam.Task2.2D ARRAY.csproj", "{1782C3A1-55DD-4AC9-A0D4-9F64B41320B9}"
EndProject
Project("{FAE04EC0-301F-11D3-BF4B-00C04F79EFBC}") = "Epam.Task2.AVERAGE STRING LENGTH", "Epam.Task2.AVERAGE STRING LENGTH\Epam.Task2.AVERAGE STRING LENGTH.csproj", "{F4BC3753-5576-42AF-9E69-F98045EC0AF8}"
EndProject
Project("{FAE04EC0-301F-11D3-BF4B-00C04F79EFBC}") = "Epam.Task2.CHAR DOUBLER", "Epam.Task2.CHAR DOUBLER\Epam.Task2.CHAR DOUBLER.csproj", "{8087D940-F82B-45D4-9513-EFF48927037F}"
EndProject
Global
	GlobalSection(SolutionConfigurationPlatforms) = preSolution
		Debug|Any CPU = Debug|Any CPU
		Release|Any CPU = Release|Any CPU
	EndGlobalSection
	GlobalSection(ProjectConfigurationPlatforms) = postSolution
		{397A9D11-1DAC-4A06-A86A-94F556C43671}.Debug|Any CPU.ActiveCfg = Debug|Any CPU
		{397A9D11-1DAC-4A06-A86A-94F556C43671}.Debug|Any CPU.Build.0 = Debug|Any CPU
		{397A9D11-1DAC-4A06-A86A-94F556C43671}.Release|Any CPU.ActiveCfg = Release|Any CPU
		{397A9D11-1DAC-4A06-A86A-94F556C43671}.Release|Any CPU.Build.0 = Release|Any CPU
		{94D8A6E7-A685-4D5D-9458-A4ABDC0E5125}.Debug|Any CPU.ActiveCfg = Debug|Any CPU
		{94D8A6E7-A685-4D5D-9458-A4ABDC0E5125}.Debug|Any CPU.Build.0 = Debug|Any CPU
		{94D8A6E7-A685-4D5D-9458-A4ABDC0E5125}.Release|Any CPU.ActiveCfg = Release|Any CPU
		{94D8A6E7-A685-4D5D-9458-A4ABDC0E5125}.Release|Any CPU.Build.0 = Release|Any CPU
		{C01E5823-D19B-47E3-A65E-39BD66ABFF1C}.Debug|Any CPU.ActiveCfg = Debug|Any CPU
		{C01E5823-D19B-47E3-A65E-39BD66ABFF1C}.Debug|Any CPU.Build.0 = Debug|Any CPU
		{C01E5823-D19B-47E3-A65E-39BD66ABFF1C}.Release|Any CPU.ActiveCfg = Release|Any CPU
		{C01E5823-D19B-47E3-A65E-39BD66ABFF1C}.Release|Any CPU.Build.0 = Release|Any CPU
		{A5CE6159-B1CD-4503-A5CD-757176839737}.Debug|Any CPU.ActiveCfg = Debug|Any CPU
		{A5CE6159-B1CD-4503-A5CD-757176839737}.Debug|Any CPU.Build.0 = Debug|Any CPU
		{A5CE6159-B1CD-4503-A5CD-757176839737}.Release|Any CPU.ActiveCfg = Release|Any CPU
		{A5CE6159-B1CD-4503-A5CD-757176839737}.Release|Any CPU.Build.0 = Release|Any CPU
		{24857B10-221F-4356-B2CD-5327B9B7EE6D}.Debug|Any CPU.ActiveCfg = Debug|Any CPU
		{24857B10-221F-4356-B2CD-5327B9B7EE6D}.Debug|Any CPU.Build.0 = Debug|Any CPU
		{24857B10-221F-4356-B2CD-5327B9B7EE6D}.Release|Any CPU.ActiveCfg = Release|Any CPU
		{24857B10-221F-4356-B2CD-5327B9B7EE6D}.Release|Any CPU.Build.0 = Release|Any CPU
		{1DADA4B9-378E-4B3D-9917-845657ED404D}.Debug|Any CPU.ActiveCfg = Debug|Any CPU
		{1DADA4B9-378E-4B3D-9917-845657ED404D}.Debug|Any CPU.Build.0 = Debug|Any CPU
		{1DADA4B9-378E-4B3D-9917-845657ED404D}.Release|Any CPU.ActiveCfg = Release|Any CPU
		{1DADA4B9-378E-4B3D-9917-845657ED404D}.Release|Any CPU.Build.0 = Release|Any CPU
		{5DAA11EC-9D30-4F5C-B1AA-3B7B7B49E910}.Debug|Any CPU.ActiveCfg = Debug|Any CPU
		{5DAA11EC-9D30-4F5C-B1AA-3B7B7B49E910}.Debug|Any CPU.Build.0 = Debug|Any CPU
		{5DAA11EC-9D30-4F5C-B1AA-3B7B7B49E910}.Release|Any CPU.ActiveCfg = Release|Any CPU
		{5DAA11EC-9D30-4F5C-B1AA-3B7B7B49E910}.Release|Any CPU.Build.0 = Release|Any CPU
		{A351E02F-AFDB-4CC1-9AC4-63ED83AC5680}.Debug|Any CPU.ActiveCfg = Debug|Any CPU
		{A351E02F-AFDB-4CC1-9AC4-63ED83AC5680}.Debug|Any CPU.Build.0 = Debug|Any CPU
		{A351E02F-AFDB-4CC1-9AC4-63ED83AC5680}.Release|Any CPU.ActiveCfg = Release|Any CPU
		{A351E02F-AFDB-4CC1-9AC4-63ED83AC5680}.Release|Any CPU.Build.0 = Release|Any CPU
		{503988E2-7DD9-4484-B715-F59723524F03}.Debug|Any CPU.ActiveCfg = Debug|Any CPU
		{503988E2-7DD9-4484-B715-F59723524F03}.Debug|Any CPU.Build.0 = Debug|Any CPU
		{503988E2-7DD9-4484-B715-F59723524F03}.Release|Any CPU.ActiveCfg = Release|Any CPU
		{503988E2-7DD9-4484-B715-F59723524F03}.Release|Any CPU.Build.0 = Release|Any CPU
		{1782C3A1-55DD-4AC9-A0D4-9F64B41320B9}.Debug|Any CPU.ActiveCfg = Debug|Any CPU
		{1782C3A1-55DD-4AC9-A0D4-9F64B41320B9}.Debug|Any CPU.Build.0 = Debug|Any CPU
		{1782C3A1-55DD-4AC9-A0D4-9F64B41320B9}.Release|Any CPU.ActiveCfg = Release|Any CPU
		{1782C3A1-55DD-4AC9-A0D4-9F64B41320B9}.Release|Any CPU.Build.0 = Release|Any CPU
		{F4BC3753-5576-42AF-9E69-F98045EC0AF8}.Debug|Any CPU.ActiveCfg = Debug|Any CPU
		{F4BC3753-5576-42AF-9E69-F98045EC0AF8}.Debug|Any CPU.Build.0 = Debug|Any CPU
		{F4BC3753-5576-42AF-9E69-F98045EC0AF8}.Release|Any CPU.ActiveCfg = Release|Any CPU
		{F4BC3753-5576-42AF-9E69-F98045EC0AF8}.Release|Any CPU.Build.0 = Release|Any CPU
		{8087D940-F82B-45D4-9513-EFF48927037F}.Debug|Any CPU.ActiveCfg = Debug|Any CPU
		{8087D940-F82B-45D4-9513-EFF48927037F}.Debug|Any CPU.Build.0 = Debug|Any CPU
		{8087D940-F82B-45D4-9513-EFF48927037F}.Release|Any CPU.ActiveCfg = Release|Any CPU
		{8087D940-F82B-45D4-9513-EFF48927037F}.Release|Any CPU.Build.0 = Release|Any CPU
	EndGlobalSection
	GlobalSection(SolutionProperties) = preSolution
		HideSolutionNode = FALSE
	EndGlobalSection
	GlobalSection(ExtensibilityGlobals) = postSolution
		SolutionGuid = {764DA494-AAB9-4F97-A0B4-923369B188C4}
	EndGlobalSection
EndGlobal
